// !$*UTF8*$!
{
	archiveVersion = 1;
	classes = {
	};
	objectVersion = 56;
	objects = {

/* Begin PBXBuildFile section */
		829F3C3C2C59E90300109B1A /* DeepLabV3.mlmodel in Sources */ = {isa = PBXBuildFile; fileRef = 829F3C3B2C59E90300109B1A /* DeepLabV3.mlmodel */; };
		829F3C4F2C59E92300109B1A /* Array+Extensions.swift in Sources */ = {isa = PBXBuildFile; fileRef = 829F3C3D2C59E92300109B1A /* Array+Extensions.swift */; };
		829F3C502C59E92300109B1A /* CGImage+CVPixelBuffer.swift in Sources */ = {isa = PBXBuildFile; fileRef = 829F3C3E2C59E92300109B1A /* CGImage+CVPixelBuffer.swift */; };
		829F3C512C59E92300109B1A /* CGImage+RawBytes.swift in Sources */ = {isa = PBXBuildFile; fileRef = 829F3C3F2C59E92300109B1A /* CGImage+RawBytes.swift */; };
		829F3C522C59E92300109B1A /* CGImagePropertyOrientation.swift in Sources */ = {isa = PBXBuildFile; fileRef = 829F3C402C59E92300109B1A /* CGImagePropertyOrientation.swift */; };
		829F3C532C59E92300109B1A /* CoreML+Combine.swift in Sources */ = {isa = PBXBuildFile; fileRef = 829F3C412C59E92300109B1A /* CoreML+Combine.swift */; };
		829F3C542C59E92300109B1A /* CVPixelBuffer+Create.swift in Sources */ = {isa = PBXBuildFile; fileRef = 829F3C422C59E92300109B1A /* CVPixelBuffer+Create.swift */; };
		829F3C552C59E92300109B1A /* CVPixelBuffer+Resize.swift in Sources */ = {isa = PBXBuildFile; fileRef = 829F3C432C59E92300109B1A /* CVPixelBuffer+Resize.swift */; };
		829F3C562C59E92300109B1A /* CVPixelBuffer+Rotate.swift in Sources */ = {isa = PBXBuildFile; fileRef = 829F3C442C59E92300109B1A /* CVPixelBuffer+Rotate.swift */; };
		829F3C572C59E92300109B1A /* Math.swift in Sources */ = {isa = PBXBuildFile; fileRef = 829F3C452C59E92300109B1A /* Math.swift */; };
		829F3C582C59E92300109B1A /* MLModel+Images.swift in Sources */ = {isa = PBXBuildFile; fileRef = 829F3C462C59E92300109B1A /* MLModel+Images.swift */; };
		829F3C592C59E92300109B1A /* MLMultiArray+Helpers.swift in Sources */ = {isa = PBXBuildFile; fileRef = 829F3C472C59E92300109B1A /* MLMultiArray+Helpers.swift */; };
		829F3C5A2C59E92300109B1A /* MLMultiArray+Image.swift in Sources */ = {isa = PBXBuildFile; fileRef = 829F3C482C59E92300109B1A /* MLMultiArray+Image.swift */; };
		829F3C5B2C59E92300109B1A /* NonMaxSuppression.swift in Sources */ = {isa = PBXBuildFile; fileRef = 829F3C492C59E92300109B1A /* NonMaxSuppression.swift */; };
		829F3C5C2C59E92300109B1A /* Predictions.swift in Sources */ = {isa = PBXBuildFile; fileRef = 829F3C4A2C59E92300109B1A /* Predictions.swift */; };
		829F3C5D2C59E92300109B1A /* UIImage+CVPixelBuffer.swift in Sources */ = {isa = PBXBuildFile; fileRef = 829F3C4B2C59E92300109B1A /* UIImage+CVPixelBuffer.swift */; };
		829F3C5E2C59E92300109B1A /* UIImage+Extensions.swift in Sources */ = {isa = PBXBuildFile; fileRef = 829F3C4C2C59E92300109B1A /* UIImage+Extensions.swift */; };
		829F3C5F2C59E92300109B1A /* UIImage+RawBytes.swift in Sources */ = {isa = PBXBuildFile; fileRef = 829F3C4D2C59E92300109B1A /* UIImage+RawBytes.swift */; };
		BDAA9E1D2C5958AA000352E9 /* PracticeCameraApp.swift in Sources */ = {isa = PBXBuildFile; fileRef = BDAA9E1C2C5958AA000352E9 /* PracticeCameraApp.swift */; };
		BDAA9E1F2C5958AA000352E9 /* ContentView.swift in Sources */ = {isa = PBXBuildFile; fileRef = BDAA9E1E2C5958AA000352E9 /* ContentView.swift */; };
		BDAA9E212C5958AC000352E9 /* Assets.xcassets in Resources */ = {isa = PBXBuildFile; fileRef = BDAA9E202C5958AC000352E9 /* Assets.xcassets */; };
		BDAA9E242C5958AC000352E9 /* Preview Assets.xcassets in Resources */ = {isa = PBXBuildFile; fileRef = BDAA9E232C5958AC000352E9 /* Preview Assets.xcassets */; };
		BDAA9E2E2C5958AC000352E9 /* PracticeCameraTests.swift in Sources */ = {isa = PBXBuildFile; fileRef = BDAA9E2D2C5958AC000352E9 /* PracticeCameraTests.swift */; };
		BDAA9E382C5958AC000352E9 /* PracticeCameraUITests.swift in Sources */ = {isa = PBXBuildFile; fileRef = BDAA9E372C5958AC000352E9 /* PracticeCameraUITests.swift */; };
		BDAA9E3A2C5958AC000352E9 /* PracticeCameraUITestsLaunchTests.swift in Sources */ = {isa = PBXBuildFile; fileRef = BDAA9E392C5958AC000352E9 /* PracticeCameraUITestsLaunchTests.swift */; };
		BDAA9E472C59684C000352E9 /* Image PIcker.swift in Sources */ = {isa = PBXBuildFile; fileRef = BDAA9E462C59684C000352E9 /* Image PIcker.swift */; };
		BDAA9E7F2C59800B000352E9 /* BackgroundRemover.swift in Sources */ = {isa = PBXBuildFile; fileRef = BDAA9E7E2C59800B000352E9 /* BackgroundRemover.swift */; };
/* End PBXBuildFile section */

/* Begin PBXContainerItemProxy section */
		BDAA9E2A2C5958AC000352E9 /* PBXContainerItemProxy */ = {
			isa = PBXContainerItemProxy;
			containerPortal = BDAA9E112C5958AA000352E9 /* Project object */;
			proxyType = 1;
			remoteGlobalIDString = BDAA9E182C5958AA000352E9;
			remoteInfo = PracticeCamera;
		};
		BDAA9E342C5958AC000352E9 /* PBXContainerItemProxy */ = {
			isa = PBXContainerItemProxy;
			containerPortal = BDAA9E112C5958AA000352E9 /* Project object */;
			proxyType = 1;
			remoteGlobalIDString = BDAA9E182C5958AA000352E9;
			remoteInfo = PracticeCamera;
		};
/* End PBXContainerItemProxy section */

/* Begin PBXFileReference section */
		829F3C3B2C59E90300109B1A /* DeepLabV3.mlmodel */ = {isa = PBXFileReference; lastKnownFileType = file.mlmodel; name = DeepLabV3.mlmodel; path = ../../DeepLabV3.mlmodel; sourceTree = "<group>"; };
		829F3C3D2C59E92300109B1A /* Array+Extensions.swift */ = {isa = PBXFileReference; fileEncoding = 4; lastKnownFileType = sourcecode.swift; path = "Array+Extensions.swift"; sourceTree = "<group>"; };
		829F3C3E2C59E92300109B1A /* CGImage+CVPixelBuffer.swift */ = {isa = PBXFileReference; fileEncoding = 4; lastKnownFileType = sourcecode.swift; path = "CGImage+CVPixelBuffer.swift"; sourceTree = "<group>"; };
		829F3C3F2C59E92300109B1A /* CGImage+RawBytes.swift */ = {isa = PBXFileReference; fileEncoding = 4; lastKnownFileType = sourcecode.swift; path = "CGImage+RawBytes.swift"; sourceTree = "<group>"; };
		829F3C402C59E92300109B1A /* CGImagePropertyOrientation.swift */ = {isa = PBXFileReference; fileEncoding = 4; lastKnownFileType = sourcecode.swift; path = CGImagePropertyOrientation.swift; sourceTree = "<group>"; };
		829F3C412C59E92300109B1A /* CoreML+Combine.swift */ = {isa = PBXFileReference; fileEncoding = 4; lastKnownFileType = sourcecode.swift; path = "CoreML+Combine.swift"; sourceTree = "<group>"; };
		829F3C422C59E92300109B1A /* CVPixelBuffer+Create.swift */ = {isa = PBXFileReference; fileEncoding = 4; lastKnownFileType = sourcecode.swift; path = "CVPixelBuffer+Create.swift"; sourceTree = "<group>"; };
		829F3C432C59E92300109B1A /* CVPixelBuffer+Resize.swift */ = {isa = PBXFileReference; fileEncoding = 4; lastKnownFileType = sourcecode.swift; path = "CVPixelBuffer+Resize.swift"; sourceTree = "<group>"; };
		829F3C442C59E92300109B1A /* CVPixelBuffer+Rotate.swift */ = {isa = PBXFileReference; fileEncoding = 4; lastKnownFileType = sourcecode.swift; path = "CVPixelBuffer+Rotate.swift"; sourceTree = "<group>"; };
		829F3C452C59E92300109B1A /* Math.swift */ = {isa = PBXFileReference; fileEncoding = 4; lastKnownFileType = sourcecode.swift; path = Math.swift; sourceTree = "<group>"; };
		829F3C462C59E92300109B1A /* MLModel+Images.swift */ = {isa = PBXFileReference; fileEncoding = 4; lastKnownFileType = sourcecode.swift; path = "MLModel+Images.swift"; sourceTree = "<group>"; };
		829F3C472C59E92300109B1A /* MLMultiArray+Helpers.swift */ = {isa = PBXFileReference; fileEncoding = 4; lastKnownFileType = sourcecode.swift; path = "MLMultiArray+Helpers.swift"; sourceTree = "<group>"; };
		829F3C482C59E92300109B1A /* MLMultiArray+Image.swift */ = {isa = PBXFileReference; fileEncoding = 4; lastKnownFileType = sourcecode.swift; path = "MLMultiArray+Image.swift"; sourceTree = "<group>"; };
		829F3C492C59E92300109B1A /* NonMaxSuppression.swift */ = {isa = PBXFileReference; fileEncoding = 4; lastKnownFileType = sourcecode.swift; path = NonMaxSuppression.swift; sourceTree = "<group>"; };
		829F3C4A2C59E92300109B1A /* Predictions.swift */ = {isa = PBXFileReference; fileEncoding = 4; lastKnownFileType = sourcecode.swift; path = Predictions.swift; sourceTree = "<group>"; };
		829F3C4B2C59E92300109B1A /* UIImage+CVPixelBuffer.swift */ = {isa = PBXFileReference; fileEncoding = 4; lastKnownFileType = sourcecode.swift; path = "UIImage+CVPixelBuffer.swift"; sourceTree = "<group>"; };
		829F3C4C2C59E92300109B1A /* UIImage+Extensions.swift */ = {isa = PBXFileReference; fileEncoding = 4; lastKnownFileType = sourcecode.swift; path = "UIImage+Extensions.swift"; sourceTree = "<group>"; };
		829F3C4D2C59E92300109B1A /* UIImage+RawBytes.swift */ = {isa = PBXFileReference; fileEncoding = 4; lastKnownFileType = sourcecode.swift; path = "UIImage+RawBytes.swift"; sourceTree = "<group>"; };
		BDAA9E192C5958AA000352E9 /* PracticeCamera.app */ = {isa = PBXFileReference; explicitFileType = wrapper.application; includeInIndex = 0; path = PracticeCamera.app; sourceTree = BUILT_PRODUCTS_DIR; };
		BDAA9E1C2C5958AA000352E9 /* PracticeCameraApp.swift */ = {isa = PBXFileReference; lastKnownFileType = sourcecode.swift; path = PracticeCameraApp.swift; sourceTree = "<group>"; };
		BDAA9E1E2C5958AA000352E9 /* ContentView.swift */ = {isa = PBXFileReference; lastKnownFileType = sourcecode.swift; path = ContentView.swift; sourceTree = "<group>"; };
		BDAA9E202C5958AC000352E9 /* Assets.xcassets */ = {isa = PBXFileReference; lastKnownFileType = folder.assetcatalog; path = Assets.xcassets; sourceTree = "<group>"; };
		BDAA9E232C5958AC000352E9 /* Preview Assets.xcassets */ = {isa = PBXFileReference; lastKnownFileType = folder.assetcatalog; path = "Preview Assets.xcassets"; sourceTree = "<group>"; };
		BDAA9E292C5958AC000352E9 /* PracticeCameraTests.xctest */ = {isa = PBXFileReference; explicitFileType = wrapper.cfbundle; includeInIndex = 0; path = PracticeCameraTests.xctest; sourceTree = BUILT_PRODUCTS_DIR; };
		BDAA9E2D2C5958AC000352E9 /* PracticeCameraTests.swift */ = {isa = PBXFileReference; lastKnownFileType = sourcecode.swift; path = PracticeCameraTests.swift; sourceTree = "<group>"; };
		BDAA9E332C5958AC000352E9 /* PracticeCameraUITests.xctest */ = {isa = PBXFileReference; explicitFileType = wrapper.cfbundle; includeInIndex = 0; path = PracticeCameraUITests.xctest; sourceTree = BUILT_PRODUCTS_DIR; };
		BDAA9E372C5958AC000352E9 /* PracticeCameraUITests.swift */ = {isa = PBXFileReference; lastKnownFileType = sourcecode.swift; path = PracticeCameraUITests.swift; sourceTree = "<group>"; };
		BDAA9E392C5958AC000352E9 /* PracticeCameraUITestsLaunchTests.swift */ = {isa = PBXFileReference; lastKnownFileType = sourcecode.swift; path = PracticeCameraUITestsLaunchTests.swift; sourceTree = "<group>"; };
		BDAA9E462C59684C000352E9 /* Image PIcker.swift */ = {isa = PBXFileReference; lastKnownFileType = sourcecode.swift; path = "Image PIcker.swift"; sourceTree = "<group>"; };
		BDAA9E7E2C59800B000352E9 /* BackgroundRemover.swift */ = {isa = PBXFileReference; lastKnownFileType = sourcecode.swift; path = BackgroundRemover.swift; sourceTree = "<group>"; };
/* End PBXFileReference section */

/* Begin PBXFrameworksBuildPhase section */
		BDAA9E162C5958AA000352E9 /* Frameworks */ = {
			isa = PBXFrameworksBuildPhase;
			buildActionMask = 2147483647;
			files = (
			);
			runOnlyForDeploymentPostprocessing = 0;
		};
		BDAA9E262C5958AC000352E9 /* Frameworks */ = {
			isa = PBXFrameworksBuildPhase;
			buildActionMask = 2147483647;
			files = (
			);
			runOnlyForDeploymentPostprocessing = 0;
		};
		BDAA9E302C5958AC000352E9 /* Frameworks */ = {
			isa = PBXFrameworksBuildPhase;
			buildActionMask = 2147483647;
			files = (
			);
			runOnlyForDeploymentPostprocessing = 0;
		};
/* End PBXFrameworksBuildPhase section */

/* Begin PBXGroup section */
		829F3C4E2C59E92300109B1A /* CoreMLHelpers */ = {
			isa = PBXGroup;
			children = (
				829F3C3D2C59E92300109B1A /* Array+Extensions.swift */,
				829F3C3E2C59E92300109B1A /* CGImage+CVPixelBuffer.swift */,
				829F3C3F2C59E92300109B1A /* CGImage+RawBytes.swift */,
				829F3C402C59E92300109B1A /* CGImagePropertyOrientation.swift */,
				829F3C412C59E92300109B1A /* CoreML+Combine.swift */,
				829F3C422C59E92300109B1A /* CVPixelBuffer+Create.swift */,
				829F3C432C59E92300109B1A /* CVPixelBuffer+Resize.swift */,
				829F3C442C59E92300109B1A /* CVPixelBuffer+Rotate.swift */,
				829F3C452C59E92300109B1A /* Math.swift */,
				829F3C462C59E92300109B1A /* MLModel+Images.swift */,
				829F3C472C59E92300109B1A /* MLMultiArray+Helpers.swift */,
				829F3C482C59E92300109B1A /* MLMultiArray+Image.swift */,
				829F3C492C59E92300109B1A /* NonMaxSuppression.swift */,
				829F3C4A2C59E92300109B1A /* Predictions.swift */,
				829F3C4B2C59E92300109B1A /* UIImage+CVPixelBuffer.swift */,
				829F3C4C2C59E92300109B1A /* UIImage+Extensions.swift */,
				829F3C4D2C59E92300109B1A /* UIImage+RawBytes.swift */,
			);
			name = CoreMLHelpers;
			path = "../CoreMLHelpers-master/CoreMLHelpers";
			sourceTree = "<group>";
		};
		BDAA9E102C5958AA000352E9 = {
			isa = PBXGroup;
			children = (
				829F3C4E2C59E92300109B1A /* CoreMLHelpers */,
				BDAA9E1B2C5958AA000352E9 /* PracticeCamera */,
				BDAA9E2C2C5958AC000352E9 /* PracticeCameraTests */,
				BDAA9E362C5958AC000352E9 /* PracticeCameraUITests */,
				BDAA9E1A2C5958AA000352E9 /* Products */,
			);
			sourceTree = "<group>";
		};
		BDAA9E1A2C5958AA000352E9 /* Products */ = {
			isa = PBXGroup;
			children = (
				BDAA9E192C5958AA000352E9 /* PracticeCamera.app */,
				BDAA9E292C5958AC000352E9 /* PracticeCameraTests.xctest */,
				BDAA9E332C5958AC000352E9 /* PracticeCameraUITests.xctest */,
			);
			name = Products;
			sourceTree = "<group>";
		};
		BDAA9E1B2C5958AA000352E9 /* PracticeCamera */ = {
			isa = PBXGroup;
			children = (
				829F3C3B2C59E90300109B1A /* DeepLabV3.mlmodel */,
				BDAA9E1C2C5958AA000352E9 /* PracticeCameraApp.swift */,
				BDAA9E1E2C5958AA000352E9 /* ContentView.swift */,
				BDAA9E462C59684C000352E9 /* Image PIcker.swift */,
				BDAA9E7E2C59800B000352E9 /* BackgroundRemover.swift */,
				BDAA9E202C5958AC000352E9 /* Assets.xcassets */,
				BDAA9E222C5958AC000352E9 /* Preview Content */,
			);
			path = PracticeCamera;
			sourceTree = "<group>";
		};
		BDAA9E222C5958AC000352E9 /* Preview Content */ = {
			isa = PBXGroup;
			children = (
				BDAA9E232C5958AC000352E9 /* Preview Assets.xcassets */,
			);
			path = "Preview Content";
			sourceTree = "<group>";
		};
		BDAA9E2C2C5958AC000352E9 /* PracticeCameraTests */ = {
			isa = PBXGroup;
			children = (
				BDAA9E2D2C5958AC000352E9 /* PracticeCameraTests.swift */,
			);
			path = PracticeCameraTests;
			sourceTree = "<group>";
		};
		BDAA9E362C5958AC000352E9 /* PracticeCameraUITests */ = {
			isa = PBXGroup;
			children = (
				BDAA9E372C5958AC000352E9 /* PracticeCameraUITests.swift */,
				BDAA9E392C5958AC000352E9 /* PracticeCameraUITestsLaunchTests.swift */,
			);
			path = PracticeCameraUITests;
			sourceTree = "<group>";
		};
/* End PBXGroup section */

/* Begin PBXNativeTarget section */
		BDAA9E182C5958AA000352E9 /* PracticeCamera */ = {
			isa = PBXNativeTarget;
			buildConfigurationList = BDAA9E3D2C5958AC000352E9 /* Build configuration list for PBXNativeTarget "PracticeCamera" */;
			buildPhases = (
				BDAA9E152C5958AA000352E9 /* Sources */,
				BDAA9E162C5958AA000352E9 /* Frameworks */,
				BDAA9E172C5958AA000352E9 /* Resources */,
			);
			buildRules = (
			);
			dependencies = (
			);
			name = PracticeCamera;
			productName = PracticeCamera;
			productReference = BDAA9E192C5958AA000352E9 /* PracticeCamera.app */;
			productType = "com.apple.product-type.application";
		};
		BDAA9E282C5958AC000352E9 /* PracticeCameraTests */ = {
			isa = PBXNativeTarget;
			buildConfigurationList = BDAA9E402C5958AC000352E9 /* Build configuration list for PBXNativeTarget "PracticeCameraTests" */;
			buildPhases = (
				BDAA9E252C5958AC000352E9 /* Sources */,
				BDAA9E262C5958AC000352E9 /* Frameworks */,
				BDAA9E272C5958AC000352E9 /* Resources */,
			);
			buildRules = (
			);
			dependencies = (
				BDAA9E2B2C5958AC000352E9 /* PBXTargetDependency */,
			);
			name = PracticeCameraTests;
			productName = PracticeCameraTests;
			productReference = BDAA9E292C5958AC000352E9 /* PracticeCameraTests.xctest */;
			productType = "com.apple.product-type.bundle.unit-test";
		};
		BDAA9E322C5958AC000352E9 /* PracticeCameraUITests */ = {
			isa = PBXNativeTarget;
			buildConfigurationList = BDAA9E432C5958AC000352E9 /* Build configuration list for PBXNativeTarget "PracticeCameraUITests" */;
			buildPhases = (
				BDAA9E2F2C5958AC000352E9 /* Sources */,
				BDAA9E302C5958AC000352E9 /* Frameworks */,
				BDAA9E312C5958AC000352E9 /* Resources */,
			);
			buildRules = (
			);
			dependencies = (
				BDAA9E352C5958AC000352E9 /* PBXTargetDependency */,
			);
			name = PracticeCameraUITests;
			productName = PracticeCameraUITests;
			productReference = BDAA9E332C5958AC000352E9 /* PracticeCameraUITests.xctest */;
			productType = "com.apple.product-type.bundle.ui-testing";
		};
/* End PBXNativeTarget section */

/* Begin PBXProject section */
		BDAA9E112C5958AA000352E9 /* Project object */ = {
			isa = PBXProject;
			attributes = {
				BuildIndependentTargetsInParallel = 1;
				LastSwiftUpdateCheck = 1540;
				LastUpgradeCheck = 1540;
				TargetAttributes = {
					BDAA9E182C5958AA000352E9 = {
						CreatedOnToolsVersion = 15.4;
					};
					BDAA9E282C5958AC000352E9 = {
						CreatedOnToolsVersion = 15.4;
						TestTargetID = BDAA9E182C5958AA000352E9;
					};
					BDAA9E322C5958AC000352E9 = {
						CreatedOnToolsVersion = 15.4;
						TestTargetID = BDAA9E182C5958AA000352E9;
					};
				};
			};
			buildConfigurationList = BDAA9E142C5958AA000352E9 /* Build configuration list for PBXProject "PracticeCamera" */;
			compatibilityVersion = "Xcode 14.0";
			developmentRegion = en;
			hasScannedForEncodings = 0;
			knownRegions = (
				en,
				Base,
			);
			mainGroup = BDAA9E102C5958AA000352E9;
			productRefGroup = BDAA9E1A2C5958AA000352E9 /* Products */;
			projectDirPath = "";
			projectRoot = "";
			targets = (
				BDAA9E182C5958AA000352E9 /* PracticeCamera */,
				BDAA9E282C5958AC000352E9 /* PracticeCameraTests */,
				BDAA9E322C5958AC000352E9 /* PracticeCameraUITests */,
			);
		};
/* End PBXProject section */

/* Begin PBXResourcesBuildPhase section */
		BDAA9E172C5958AA000352E9 /* Resources */ = {
			isa = PBXResourcesBuildPhase;
			buildActionMask = 2147483647;
			files = (
				BDAA9E242C5958AC000352E9 /* Preview Assets.xcassets in Resources */,
				BDAA9E212C5958AC000352E9 /* Assets.xcassets in Resources */,
			);
			runOnlyForDeploymentPostprocessing = 0;
		};
		BDAA9E272C5958AC000352E9 /* Resources */ = {
			isa = PBXResourcesBuildPhase;
			buildActionMask = 2147483647;
			files = (
			);
			runOnlyForDeploymentPostprocessing = 0;
		};
		BDAA9E312C5958AC000352E9 /* Resources */ = {
			isa = PBXResourcesBuildPhase;
			buildActionMask = 2147483647;
			files = (
			);
			runOnlyForDeploymentPostprocessing = 0;
		};
/* End PBXResourcesBuildPhase section */

/* Begin PBXSourcesBuildPhase section */
		BDAA9E152C5958AA000352E9 /* Sources */ = {
			isa = PBXSourcesBuildPhase;
			buildActionMask = 2147483647;
			files = (
				829F3C502C59E92300109B1A /* CGImage+CVPixelBuffer.swift in Sources */,
				829F3C522C59E92300109B1A /* CGImagePropertyOrientation.swift in Sources */,
				BDAA9E1F2C5958AA000352E9 /* ContentView.swift in Sources */,
				829F3C5E2C59E92300109B1A /* UIImage+Extensions.swift in Sources */,
				829F3C5F2C59E92300109B1A /* UIImage+RawBytes.swift in Sources */,
				829F3C572C59E92300109B1A /* Math.swift in Sources */,
				829F3C562C59E92300109B1A /* CVPixelBuffer+Rotate.swift in Sources */,
				829F3C512C59E92300109B1A /* CGImage+RawBytes.swift in Sources */,
				829F3C592C59E92300109B1A /* MLMultiArray+Helpers.swift in Sources */,
				829F3C5D2C59E92300109B1A /* UIImage+CVPixelBuffer.swift in Sources */,
				829F3C4F2C59E92300109B1A /* Array+Extensions.swift in Sources */,
				829F3C5A2C59E92300109B1A /* MLMultiArray+Image.swift in Sources */,
				829F3C3C2C59E90300109B1A /* DeepLabV3.mlmodel in Sources */,
				BDAA9E472C59684C000352E9 /* Image PIcker.swift in Sources */,
				829F3C532C59E92300109B1A /* CoreML+Combine.swift in Sources */,
				829F3C5C2C59E92300109B1A /* Predictions.swift in Sources */,
				829F3C582C59E92300109B1A /* MLModel+Images.swift in Sources */,
				BDAA9E7F2C59800B000352E9 /* BackgroundRemover.swift in Sources */,
				BDAA9E1D2C5958AA000352E9 /* PracticeCameraApp.swift in Sources */,
				829F3C542C59E92300109B1A /* CVPixelBuffer+Create.swift in Sources */,
				829F3C5B2C59E92300109B1A /* NonMaxSuppression.swift in Sources */,
				829F3C552C59E92300109B1A /* CVPixelBuffer+Resize.swift in Sources */,
			);
			runOnlyForDeploymentPostprocessing = 0;
		};
		BDAA9E252C5958AC000352E9 /* Sources */ = {
			isa = PBXSourcesBuildPhase;
			buildActionMask = 2147483647;
			files = (
				BDAA9E2E2C5958AC000352E9 /* PracticeCameraTests.swift in Sources */,
			);
			runOnlyForDeploymentPostprocessing = 0;
		};
		BDAA9E2F2C5958AC000352E9 /* Sources */ = {
			isa = PBXSourcesBuildPhase;
			buildActionMask = 2147483647;
			files = (
				BDAA9E3A2C5958AC000352E9 /* PracticeCameraUITestsLaunchTests.swift in Sources */,
				BDAA9E382C5958AC000352E9 /* PracticeCameraUITests.swift in Sources */,
			);
			runOnlyForDeploymentPostprocessing = 0;
		};
/* End PBXSourcesBuildPhase section */

/* Begin PBXTargetDependency section */
		BDAA9E2B2C5958AC000352E9 /* PBXTargetDependency */ = {
			isa = PBXTargetDependency;
			target = BDAA9E182C5958AA000352E9 /* PracticeCamera */;
			targetProxy = BDAA9E2A2C5958AC000352E9 /* PBXContainerItemProxy */;
		};
		BDAA9E352C5958AC000352E9 /* PBXTargetDependency */ = {
			isa = PBXTargetDependency;
			target = BDAA9E182C5958AA000352E9 /* PracticeCamera */;
			targetProxy = BDAA9E342C5958AC000352E9 /* PBXContainerItemProxy */;
		};
/* End PBXTargetDependency section */

/* Begin XCBuildConfiguration section */
		BDAA9E3B2C5958AC000352E9 /* Debug */ = {
			isa = XCBuildConfiguration;
			buildSettings = {
				ALWAYS_SEARCH_USER_PATHS = NO;
				ASSETCATALOG_COMPILER_GENERATE_SWIFT_ASSET_SYMBOL_EXTENSIONS = YES;
				CLANG_ANALYZER_NONNULL = YES;
				CLANG_ANALYZER_NUMBER_OBJECT_CONVERSION = YES_AGGRESSIVE;
				CLANG_CXX_LANGUAGE_STANDARD = "gnu++20";
				CLANG_ENABLE_MODULES = YES;
				CLANG_ENABLE_OBJC_ARC = YES;
				CLANG_ENABLE_OBJC_WEAK = YES;
				CLANG_WARN_BLOCK_CAPTURE_AUTORELEASING = YES;
				CLANG_WARN_BOOL_CONVERSION = YES;
				CLANG_WARN_COMMA = YES;
				CLANG_WARN_CONSTANT_CONVERSION = YES;
				CLANG_WARN_DEPRECATED_OBJC_IMPLEMENTATIONS = YES;
				CLANG_WARN_DIRECT_OBJC_ISA_USAGE = YES_ERROR;
				CLANG_WARN_DOCUMENTATION_COMMENTS = YES;
				CLANG_WARN_EMPTY_BODY = YES;
				CLANG_WARN_ENUM_CONVERSION = YES;
				CLANG_WARN_INFINITE_RECURSION = YES;
				CLANG_WARN_INT_CONVERSION = YES;
				CLANG_WARN_NON_LITERAL_NULL_CONVERSION = YES;
				CLANG_WARN_OBJC_IMPLICIT_RETAIN_SELF = YES;
				CLANG_WARN_OBJC_LITERAL_CONVERSION = YES;
				CLANG_WARN_OBJC_ROOT_CLASS = YES_ERROR;
				CLANG_WARN_QUOTED_INCLUDE_IN_FRAMEWORK_HEADER = YES;
				CLANG_WARN_RANGE_LOOP_ANALYSIS = YES;
				CLANG_WARN_STRICT_PROTOTYPES = YES;
				CLANG_WARN_SUSPICIOUS_MOVE = YES;
				CLANG_WARN_UNGUARDED_AVAILABILITY = YES_AGGRESSIVE;
				CLANG_WARN_UNREACHABLE_CODE = YES;
				CLANG_WARN__DUPLICATE_METHOD_MATCH = YES;
				COPY_PHASE_STRIP = NO;
				DEBUG_INFORMATION_FORMAT = dwarf;
				ENABLE_STRICT_OBJC_MSGSEND = YES;
				ENABLE_TESTABILITY = YES;
				ENABLE_USER_SCRIPT_SANDBOXING = YES;
				GCC_C_LANGUAGE_STANDARD = gnu17;
				GCC_DYNAMIC_NO_PIC = NO;
				GCC_NO_COMMON_BLOCKS = YES;
				GCC_OPTIMIZATION_LEVEL = 0;
				GCC_PREPROCESSOR_DEFINITIONS = (
					"DEBUG=1",
					"$(inherited)",
				);
				GCC_WARN_64_TO_32_BIT_CONVERSION = YES;
				GCC_WARN_ABOUT_RETURN_TYPE = YES_ERROR;
				GCC_WARN_UNDECLARED_SELECTOR = YES;
				GCC_WARN_UNINITIALIZED_AUTOS = YES_AGGRESSIVE;
				GCC_WARN_UNUSED_FUNCTION = YES;
				GCC_WARN_UNUSED_VARIABLE = YES;
				IPHONEOS_DEPLOYMENT_TARGET = 17.5;
				LOCALIZATION_PREFERS_STRING_CATALOGS = YES;
				MTL_ENABLE_DEBUG_INFO = INCLUDE_SOURCE;
				MTL_FAST_MATH = YES;
				ONLY_ACTIVE_ARCH = YES;
				SDKROOT = iphoneos;
				SWIFT_ACTIVE_COMPILATION_CONDITIONS = "DEBUG $(inherited)";
				SWIFT_OPTIMIZATION_LEVEL = "-Onone";
			};
			name = Debug;
		};
		BDAA9E3C2C5958AC000352E9 /* Release */ = {
			isa = XCBuildConfiguration;
			buildSettings = {
				ALWAYS_SEARCH_USER_PATHS = NO;
				ASSETCATALOG_COMPILER_GENERATE_SWIFT_ASSET_SYMBOL_EXTENSIONS = YES;
				CLANG_ANALYZER_NONNULL = YES;
				CLANG_ANALYZER_NUMBER_OBJECT_CONVERSION = YES_AGGRESSIVE;
				CLANG_CXX_LANGUAGE_STANDARD = "gnu++20";
				CLANG_ENABLE_MODULES = YES;
				CLANG_ENABLE_OBJC_ARC = YES;
				CLANG_ENABLE_OBJC_WEAK = YES;
				CLANG_WARN_BLOCK_CAPTURE_AUTORELEASING = YES;
				CLANG_WARN_BOOL_CONVERSION = YES;
				CLANG_WARN_COMMA = YES;
				CLANG_WARN_CONSTANT_CONVERSION = YES;
				CLANG_WARN_DEPRECATED_OBJC_IMPLEMENTATIONS = YES;
				CLANG_WARN_DIRECT_OBJC_ISA_USAGE = YES_ERROR;
				CLANG_WARN_DOCUMENTATION_COMMENTS = YES;
				CLANG_WARN_EMPTY_BODY = YES;
				CLANG_WARN_ENUM_CONVERSION = YES;
				CLANG_WARN_INFINITE_RECURSION = YES;
				CLANG_WARN_INT_CONVERSION = YES;
				CLANG_WARN_NON_LITERAL_NULL_CONVERSION = YES;
				CLANG_WARN_OBJC_IMPLICIT_RETAIN_SELF = YES;
				CLANG_WARN_OBJC_LITERAL_CONVERSION = YES;
				CLANG_WARN_OBJC_ROOT_CLASS = YES_ERROR;
				CLANG_WARN_QUOTED_INCLUDE_IN_FRAMEWORK_HEADER = YES;
				CLANG_WARN_RANGE_LOOP_ANALYSIS = YES;
				CLANG_WARN_STRICT_PROTOTYPES = YES;
				CLANG_WARN_SUSPICIOUS_MOVE = YES;
				CLANG_WARN_UNGUARDED_AVAILABILITY = YES_AGGRESSIVE;
				CLANG_WARN_UNREACHABLE_CODE = YES;
				CLANG_WARN__DUPLICATE_METHOD_MATCH = YES;
				COPY_PHASE_STRIP = NO;
				DEBUG_INFORMATION_FORMAT = "dwarf-with-dsym";
				ENABLE_NS_ASSERTIONS = NO;
				ENABLE_STRICT_OBJC_MSGSEND = YES;
				ENABLE_USER_SCRIPT_SANDBOXING = YES;
				GCC_C_LANGUAGE_STANDARD = gnu17;
				GCC_NO_COMMON_BLOCKS = YES;
				GCC_WARN_64_TO_32_BIT_CONVERSION = YES;
				GCC_WARN_ABOUT_RETURN_TYPE = YES_ERROR;
				GCC_WARN_UNDECLARED_SELECTOR = YES;
				GCC_WARN_UNINITIALIZED_AUTOS = YES_AGGRESSIVE;
				GCC_WARN_UNUSED_FUNCTION = YES;
				GCC_WARN_UNUSED_VARIABLE = YES;
				IPHONEOS_DEPLOYMENT_TARGET = 17.5;
				LOCALIZATION_PREFERS_STRING_CATALOGS = YES;
				MTL_ENABLE_DEBUG_INFO = NO;
				MTL_FAST_MATH = YES;
				SDKROOT = iphoneos;
				SWIFT_COMPILATION_MODE = wholemodule;
				VALIDATE_PRODUCT = YES;
			};
			name = Release;
		};
		BDAA9E3E2C5958AC000352E9 /* Debug */ = {
			isa = XCBuildConfiguration;
			buildSettings = {
				ASSETCATALOG_COMPILER_APPICON_NAME = AppIcon;
				ASSETCATALOG_COMPILER_GLOBAL_ACCENT_COLOR_NAME = AccentColor;
				CODE_SIGN_STYLE = Automatic;
				CURRENT_PROJECT_VERSION = 1;
				DEVELOPMENT_ASSET_PATHS = "\"PracticeCamera/Preview Content\"";
				DEVELOPMENT_TEAM = AHC35PLFL5;
				ENABLE_PREVIEWS = YES;
				GENERATE_INFOPLIST_FILE = YES;
				INFOPLIST_KEY_NSCameraUsageDescription = "We need to access your camera.";
				INFOPLIST_KEY_UIApplicationSceneManifest_Generation = YES;
				INFOPLIST_KEY_UIApplicationSupportsIndirectInputEvents = YES;
				INFOPLIST_KEY_UILaunchScreen_Generation = YES;
				INFOPLIST_KEY_UISupportedInterfaceOrientations_iPad = "UIInterfaceOrientationPortrait UIInterfaceOrientationPortraitUpsideDown UIInterfaceOrientationLandscapeLeft UIInterfaceOrientationLandscapeRight";
				INFOPLIST_KEY_UISupportedInterfaceOrientations_iPhone = "UIInterfaceOrientationPortrait UIInterfaceOrientationLandscapeLeft UIInterfaceOrientationLandscapeRight";
				LD_RUNPATH_SEARCH_PATHS = (
					"$(inherited)",
					"@executable_path/Frameworks",
				);
				MARKETING_VERSION = 1.0;
				PRODUCT_BUNDLE_IDENTIFIER = kwk.PracticeCamera;
				PRODUCT_NAME = "$(TARGET_NAME)";
				SWIFT_EMIT_LOC_STRINGS = YES;
				SWIFT_VERSION = 5.0;
				TARGETED_DEVICE_FAMILY = "1,2";
			};
			name = Debug;
		};
		BDAA9E3F2C5958AC000352E9 /* Release */ = {
			isa = XCBuildConfiguration;
			buildSettings = {
				ASSETCATALOG_COMPILER_APPICON_NAME = AppIcon;
				ASSETCATALOG_COMPILER_GLOBAL_ACCENT_COLOR_NAME = AccentColor;
				CODE_SIGN_STYLE = Automatic;
				CURRENT_PROJECT_VERSION = 1;
				DEVELOPMENT_ASSET_PATHS = "\"PracticeCamera/Preview Content\"";
				DEVELOPMENT_TEAM = AHC35PLFL5;
				ENABLE_PREVIEWS = YES;
				GENERATE_INFOPLIST_FILE = YES;
				INFOPLIST_KEY_NSCameraUsageDescription = "We need to access your camera.";
				INFOPLIST_KEY_UIApplicationSceneManifest_Generation = YES;
				INFOPLIST_KEY_UIApplicationSupportsIndirectInputEvents = YES;
				INFOPLIST_KEY_UILaunchScreen_Generation = YES;
				INFOPLIST_KEY_UISupportedInterfaceOrientations_iPad = "UIInterfaceOrientationPortrait UIInterfaceOrientationPortraitUpsideDown UIInterfaceOrientationLandscapeLeft UIInterfaceOrientationLandscapeRight";
				INFOPLIST_KEY_UISupportedInterfaceOrientations_iPhone = "UIInterfaceOrientationPortrait UIInterfaceOrientationLandscapeLeft UIInterfaceOrientationLandscapeRight";
				LD_RUNPATH_SEARCH_PATHS = (
					"$(inherited)",
					"@executable_path/Frameworks",
				);
				MARKETING_VERSION = 1.0;
				PRODUCT_BUNDLE_IDENTIFIER = kwk.PracticeCamera;
				PRODUCT_NAME = "$(TARGET_NAME)";
				SWIFT_EMIT_LOC_STRINGS = YES;
				SWIFT_VERSION = 5.0;
				TARGETED_DEVICE_FAMILY = "1,2";
			};
			name = Release;
		};
		BDAA9E412C5958AC000352E9 /* Debug */ = {
			isa = XCBuildConfiguration;
			buildSettings = {
				ALWAYS_EMBED_SWIFT_STANDARD_LIBRARIES = YES;
				BUNDLE_LOADER = "$(TEST_HOST)";
				CODE_SIGN_STYLE = Automatic;
				CURRENT_PROJECT_VERSION = 1;
				DEVELOPMENT_TEAM = AHC35PLFL5;
				GENERATE_INFOPLIST_FILE = YES;
				IPHONEOS_DEPLOYMENT_TARGET = 17.5;
				MARKETING_VERSION = 1.0;
				PRODUCT_BUNDLE_IDENTIFIER = kwk.PracticeCameraTests;
				PRODUCT_NAME = "$(TARGET_NAME)";
				SWIFT_EMIT_LOC_STRINGS = NO;
				SWIFT_VERSION = 5.0;
				TARGETED_DEVICE_FAMILY = "1,2";
				TEST_HOST = "$(BUILT_PRODUCTS_DIR)/PracticeCamera.app/$(BUNDLE_EXECUTABLE_FOLDER_PATH)/PracticeCamera";
			};
			name = Debug;
		};
		BDAA9E422C5958AC000352E9 /* Release */ = {
			isa = XCBuildConfiguration;
			buildSettings = {
				ALWAYS_EMBED_SWIFT_STANDARD_LIBRARIES = YES;
				BUNDLE_LOADER = "$(TEST_HOST)";
				CODE_SIGN_STYLE = Automatic;
				CURRENT_PROJECT_VERSION = 1;
				DEVELOPMENT_TEAM = AHC35PLFL5;
				GENERATE_INFOPLIST_FILE = YES;
				IPHONEOS_DEPLOYMENT_TARGET = 17.5;
				MARKETING_VERSION = 1.0;
				PRODUCT_BUNDLE_IDENTIFIER = kwk.PracticeCameraTests;
				PRODUCT_NAME = "$(TARGET_NAME)";
				SWIFT_EMIT_LOC_STRINGS = NO;
				SWIFT_VERSION = 5.0;
				TARGETED_DEVICE_FAMILY = "1,2";
				TEST_HOST = "$(BUILT_PRODUCTS_DIR)/PracticeCamera.app/$(BUNDLE_EXECUTABLE_FOLDER_PATH)/PracticeCamera";
			};
			name = Release;
		};
		BDAA9E442C5958AC000352E9 /* Debug */ = {
			isa = XCBuildConfiguration;
			buildSettings = {
				ALWAYS_EMBED_SWIFT_STANDARD_LIBRARIES = YES;
				CODE_SIGN_STYLE = Automatic;
				CURRENT_PROJECT_VERSION = 1;
				DEVELOPMENT_TEAM = AHC35PLFL5;
				GENERATE_INFOPLIST_FILE = YES;
				MARKETING_VERSION = 1.0;
				PRODUCT_BUNDLE_IDENTIFIER = kwk.PracticeCameraUITests;
				PRODUCT_NAME = "$(TARGET_NAME)";
				SWIFT_EMIT_LOC_STRINGS = NO;
				SWIFT_VERSION = 5.0;
				TARGETED_DEVICE_FAMILY = "1,2";
				TEST_TARGET_NAME = PracticeCamera;
			};
			name = Debug;
		};
		BDAA9E452C5958AC000352E9 /* Release */ = {
			isa = XCBuildConfiguration;
			buildSettings = {
				ALWAYS_EMBED_SWIFT_STANDARD_LIBRARIES = YES;
				CODE_SIGN_STYLE = Automatic;
				CURRENT_PROJECT_VERSION = 1;
				DEVELOPMENT_TEAM = AHC35PLFL5;
				GENERATE_INFOPLIST_FILE = YES;
				MARKETING_VERSION = 1.0;
				PRODUCT_BUNDLE_IDENTIFIER = kwk.PracticeCameraUITests;
				PRODUCT_NAME = "$(TARGET_NAME)";
				SWIFT_EMIT_LOC_STRINGS = NO;
				SWIFT_VERSION = 5.0;
				TARGETED_DEVICE_FAMILY = "1,2";
				TEST_TARGET_NAME = PracticeCamera;
			};
			name = Release;
		};
/* End XCBuildConfiguration section */

/* Begin XCConfigurationList section */
		BDAA9E142C5958AA000352E9 /* Build configuration list for PBXProject "PracticeCamera" */ = {
			isa = XCConfigurationList;
			buildConfigurations = (
				BDAA9E3B2C5958AC000352E9 /* Debug */,
				BDAA9E3C2C5958AC000352E9 /* Release */,
			);
			defaultConfigurationIsVisible = 0;
			defaultConfigurationName = Release;
		};
		BDAA9E3D2C5958AC000352E9 /* Build configuration list for PBXNativeTarget "PracticeCamera" */ = {
			isa = XCConfigurationList;
			buildConfigurations = (
				BDAA9E3E2C5958AC000352E9 /* Debug */,
				BDAA9E3F2C5958AC000352E9 /* Release */,
			);
			defaultConfigurationIsVisible = 0;
			defaultConfigurationName = Release;
		};
		BDAA9E402C5958AC000352E9 /* Build configuration list for PBXNativeTarget "PracticeCameraTests" */ = {
			isa = XCConfigurationList;
			buildConfigurations = (
				BDAA9E412C5958AC000352E9 /* Debug */,
				BDAA9E422C5958AC000352E9 /* Release */,
			);
			defaultConfigurationIsVisible = 0;
			defaultConfigurationName = Release;
		};
		BDAA9E432C5958AC000352E9 /* Build configuration list for PBXNativeTarget "PracticeCameraUITests" */ = {
			isa = XCConfigurationList;
			buildConfigurations = (
				BDAA9E442C5958AC000352E9 /* Debug */,
				BDAA9E452C5958AC000352E9 /* Release */,
			);
			defaultConfigurationIsVisible = 0;
			defaultConfigurationName = Release;
		};
/* End XCConfigurationList section */
	};
	rootObject = BDAA9E112C5958AA000352E9 /* Project object */;
}
